
Microsoft Visual Studio Solution File, Format Version 11.00
# Visual Studio 2010
Project("{FAE04EC0-301F-11D3-BF4B-00C04F79EFBC}") = "MvvmRx", "MvvmRx\MvvmRx.csproj", "{40D74730-D466-4EDB-8268-D944A28058D9}"
EndProject
Project("{FAE04EC0-301F-11D3-BF4B-00C04F79EFBC}") = "MvvmRxConsole", "MvvmRxConsole\MvvmRxConsole.csproj", "{A1CA2168-EBB7-4354-9099-15210AD88810}"
EndProject
Global
	GlobalSection(SolutionConfigurationPlatforms) = preSolution
		Debug|Any CPU = Debug|Any CPU
		Debug|Mixed Platforms = Debug|Mixed Platforms
		Debug|x86 = Debug|x86
		Release|Any CPU = Release|Any CPU
		Release|Mixed Platforms = Release|Mixed Platforms
		Release|x86 = Release|x86
	EndGlobalSection
	GlobalSection(ProjectConfigurationPlatforms) = postSolution
		{40D74730-D466-4EDB-8268-D944A28058D9}.Debug|Any CPU.ActiveCfg = Debug|Any CPU
		{40D74730-D466-4EDB-8268-D944A28058D9}.Debug|Any CPU.Build.0 = Debug|Any CPU
		{40D74730-D466-4EDB-8268-D944A28058D9}.Debug|Mixed Platforms.ActiveCfg = Debug|Any CPU
		{40D74730-D466-4EDB-8268-D944A28058D9}.Debug|Mixed Platforms.Build.0 = Debug|Any CPU
		{40D74730-D466-4EDB-8268-D944A28058D9}.Debug|x86.ActiveCfg = Debug|Any CPU
		{40D74730-D466-4EDB-8268-D944A28058D9}.Release|Any CPU.ActiveCfg = Release|Any CPU
		{40D74730-D466-4EDB-8268-D944A28058D9}.Release|Any CPU.Build.0 = Release|Any CPU
		{40D74730-D466-4EDB-8268-D944A28058D9}.Release|Mixed Platforms.ActiveCfg = Release|Any CPU
		{40D74730-D466-4EDB-8268-D944A28058D9}.Release|Mixed Platforms.Build.0 = Release|Any CPU
		{40D74730-D466-4EDB-8268-D944A28058D9}.Release|x86.ActiveCfg = Release|Any CPU
		{A1CA2168-EBB7-4354-9099-15210AD88810}.Debug|Any CPU.ActiveCfg = Debug|x86
		{A1CA2168-EBB7-4354-9099-15210AD88810}.Debug|Mixed Platforms.ActiveCfg = Debug|x86
		{A1CA2168-EBB7-4354-9099-15210AD88810}.Debug|Mixed Platforms.Build.0 = Debug|x86
		{A1CA2168-EBB7-4354-9099-15210AD88810}.Debug|x86.ActiveCfg = Debug|x86
		{A1CA2168-EBB7-4354-9099-15210AD88810}.Debug|x86.Build.0 = Debug|x86
		{A1CA2168-EBB7-4354-9099-15210AD88810}.Release|Any CPU.ActiveCfg = Release|x86
		{A1CA2168-EBB7-4354-9099-15210AD88810}.Release|Mixed Platforms.ActiveCfg = Release|x86
		{A1CA2168-EBB7-4354-9099-15210AD88810}.Release|Mixed Platforms.Build.0 = Release|x86
		{A1CA2168-EBB7-4354-9099-15210AD88810}.Release|x86.ActiveCfg = Release|x86
		{A1CA2168-EBB7-4354-9099-15210AD88810}.Release|x86.Build.0 = Release|x86
	EndGlobalSection
	GlobalSection(SolutionProperties) = preSolution
		HideSolutionNode = FALSE
	EndGlobalSection
EndGlobal
